
Microsoft Visual Studio Solution File, Format Version 12.00
# Visual Studio 2012
Project("{FAE04EC0-301F-11D3-BF4B-00C04F79EFBC}") = "PersonalWeb", "PersonalWeb\PersonalWeb.csproj", "{4C797F0E-F3AF-43B6-95AB-43DC3A43F2AD}"
EndProject
Project("{FAE04EC0-301F-11D3-BF4B-00C04F79EFBC}") = "Exercise", "Exercise\Exercise.csproj", "{FBB82781-CF97-4B67-AE5A-BB3A3AC490ED}"
	ProjectSection(ProjectDependencies) = postProject
		{A92DBB4B-1E35-4ADA-82D9-05108A23A46A} = {A92DBB4B-1E35-4ADA-82D9-05108A23A46A}
	EndProjectSection
EndProject
Project("{FAE04EC0-301F-11D3-BF4B-00C04F79EFBC}") = "WebTest", "WebTest\WebTest\WebTest.csproj", "{5298DFE5-F46F-41ED-8C48-A286B066C4B0}"
EndProject
Project("{FAE04EC0-301F-11D3-BF4B-00C04F79EFBC}") = "WxPayAPI", "C:\Users\amarsoft\Desktop\web手册\WxPayAPI_CS_v3\WxPayAPI_CS_v3\WxPayAPI\WxPayAPI\WxPayAPI.csproj", "{25911370-F06A-4956-8EE3-659A7BA14961}"
EndProject
Project("{FAE04EC0-301F-11D3-BF4B-00C04F79EFBC}") = "HttpInterface", "HttpInterface\HttpInterface.csproj", "{C667020B-17E4-467E-A39D-AEEDD3B66E87}"
EndProject
Project("{FAE04EC0-301F-11D3-BF4B-00C04F79EFBC}") = "WebServiceDemo", "WebServiceDemo\WebServiceDemo.csproj", "{A92DBB4B-1E35-4ADA-82D9-05108A23A46A}"
EndProject
Global
	GlobalSection(TeamFoundationVersionControl) = preSolution
		SccNumberOfProjects = 6
		SccEnterpriseProvider = {4CA58AB2-18FA-4F8D-95D4-32DDF27D184C}
		SccTeamFoundationServer = http://123.206.28.222:8080/tfs/lfpeiweb
		SccLocalPath0 = .
		SccProjectUniqueName1 = PersonalWeb\\PersonalWeb.csproj
		SccProjectName1 = PersonalWeb
		SccLocalPath1 = PersonalWeb
		SccProjectUniqueName2 = Exercise\\Exercise.csproj
		SccProjectName2 = Exercise
		SccLocalPath2 = Exercise
		SccProjectUniqueName3 = WebTest\\WebTest\\WebTest.csproj
		SccProjectName3 = WebTest/WebTest
		SccLocalPath3 = WebTest\\WebTest
		SccProjectUniqueName4 = HttpInterface\\HttpInterface.csproj
		SccProjectName4 = HttpInterface
		SccLocalPath4 = HttpInterface
		SccProjectUniqueName5 = WebServiceDemo\\WebServiceDemo.csproj
		SccProjectName5 = WebServiceDemo
		SccLocalPath5 = WebServiceDemo
	EndGlobalSection
	GlobalSection(SolutionConfigurationPlatforms) = preSolution
		Debug|Any CPU = Debug|Any CPU
		Release|Any CPU = Release|Any CPU
	EndGlobalSection
	GlobalSection(ProjectConfigurationPlatforms) = postSolution
		{4C797F0E-F3AF-43B6-95AB-43DC3A43F2AD}.Debug|Any CPU.ActiveCfg = Debug|Any CPU
		{4C797F0E-F3AF-43B6-95AB-43DC3A43F2AD}.Debug|Any CPU.Build.0 = Debug|Any CPU
		{4C797F0E-F3AF-43B6-95AB-43DC3A43F2AD}.Release|Any CPU.ActiveCfg = Release|Any CPU
		{4C797F0E-F3AF-43B6-95AB-43DC3A43F2AD}.Release|Any CPU.Build.0 = Release|Any CPU
		{FBB82781-CF97-4B67-AE5A-BB3A3AC490ED}.Debug|Any CPU.ActiveCfg = Debug|Any CPU
		{FBB82781-CF97-4B67-AE5A-BB3A3AC490ED}.Debug|Any CPU.Build.0 = Debug|Any CPU
		{FBB82781-CF97-4B67-AE5A-BB3A3AC490ED}.Release|Any CPU.ActiveCfg = Release|Any CPU
		{FBB82781-CF97-4B67-AE5A-BB3A3AC490ED}.Release|Any CPU.Build.0 = Release|Any CPU
		{5298DFE5-F46F-41ED-8C48-A286B066C4B0}.Debug|Any CPU.ActiveCfg = Debug|Any CPU
		{5298DFE5-F46F-41ED-8C48-A286B066C4B0}.Debug|Any CPU.Build.0 = Debug|Any CPU
		{5298DFE5-F46F-41ED-8C48-A286B066C4B0}.Release|Any CPU.ActiveCfg = Release|Any CPU
		{5298DFE5-F46F-41ED-8C48-A286B066C4B0}.Release|Any CPU.Build.0 = Release|Any CPU
		{25911370-F06A-4956-8EE3-659A7BA14961}.Debug|Any CPU.ActiveCfg = Debug|Any CPU
		{25911370-F06A-4956-8EE3-659A7BA14961}.Debug|Any CPU.Build.0 = Debug|Any CPU
		{25911370-F06A-4956-8EE3-659A7BA14961}.Release|Any CPU.ActiveCfg = Release|Any CPU
		{25911370-F06A-4956-8EE3-659A7BA14961}.Release|Any CPU.Build.0 = Release|Any CPU
		{C667020B-17E4-467E-A39D-AEEDD3B66E87}.Debug|Any CPU.ActiveCfg = Debug|Any CPU
		{C667020B-17E4-467E-A39D-AEEDD3B66E87}.Debug|Any CPU.Build.0 = Debug|Any CPU
		{C667020B-17E4-467E-A39D-AEEDD3B66E87}.Release|Any CPU.ActiveCfg = Release|Any CPU
		{C667020B-17E4-467E-A39D-AEEDD3B66E87}.Release|Any CPU.Build.0 = Release|Any CPU
		{A92DBB4B-1E35-4ADA-82D9-05108A23A46A}.Debug|Any CPU.ActiveCfg = Debug|Any CPU
		{A92DBB4B-1E35-4ADA-82D9-05108A23A46A}.Debug|Any CPU.Build.0 = Debug|Any CPU
		{A92DBB4B-1E35-4ADA-82D9-05108A23A46A}.Release|Any CPU.ActiveCfg = Release|Any CPU
		{A92DBB4B-1E35-4ADA-82D9-05108A23A46A}.Release|Any CPU.Build.0 = Release|Any CPU
	EndGlobalSection
	GlobalSection(SolutionProperties) = preSolution
		HideSolutionNode = FALSE
	EndGlobalSection
EndGlobal
