
Microsoft Visual Studio Solution File, Format Version 12.00
# Visual Studio 2012
Project("{FAE04EC0-301F-11D3-BF4B-00C04F79EFBC}") = "NewThread", "Thread\NewThread.csproj", "{7CB7E615-4713-4BD1-9E63-4FE10989EE6E}"
EndProject
Global
	GlobalSection(SolutionConfigurationPlatforms) = preSolution
		Debug|Any CPU = Debug|Any CPU
		Release|Any CPU = Release|Any CPU
	EndGlobalSection
	GlobalSection(ProjectConfigurationPlatforms) = postSolution
		{7CB7E615-4713-4BD1-9E63-4FE10989EE6E}.Debug|Any CPU.ActiveCfg = Debug|Any CPU
		{7CB7E615-4713-4BD1-9E63-4FE10989EE6E}.Debug|Any CPU.Build.0 = Debug|Any CPU
		{7CB7E615-4713-4BD1-9E63-4FE10989EE6E}.Release|Any CPU.ActiveCfg = Release|Any CPU
		{7CB7E615-4713-4BD1-9E63-4FE10989EE6E}.Release|Any CPU.Build.0 = Release|Any CPU
	EndGlobalSection
	GlobalSection(SolutionProperties) = preSolution
		HideSolutionNode = FALSE
	EndGlobalSection
EndGlobal
